
Microsoft Visual Studio Solution File, Format Version 12.00
# Visual Studio Version 17
VisualStudioVersion = 17.9.34728.123
MinimumVisualStudioVersion = 10.0.40219.1
Project("{9A19103F-16F7-4668-BE54-9A1E7A4F7556}") = "fileparsers", "fileparsers\fileparsers.csproj", "{3BCA62EE-67A6-422C-BD72-700BA17C0252}"
EndProject
Project("{FAE04EC0-301F-11D3-BF4B-00C04F79EFBC}") = "fileparsers.test", "fileparsers.test\fileparsers.test.csproj", "{AA3D9226-2139-45B5-8B43-C3B2F604FB63}"
EndProject
Global
	GlobalSection(SolutionConfigurationPlatforms) = preSolution
		Debug|Any CPU = Debug|Any CPU
		Release|Any CPU = Release|Any CPU
	EndGlobalSection
	GlobalSection(ProjectConfigurationPlatforms) = postSolution
		{3BCA62EE-67A6-422C-BD72-700BA17C0252}.Debug|Any CPU.ActiveCfg = Debug|Any CPU
		{3BCA62EE-67A6-422C-BD72-700BA17C0252}.Debug|Any CPU.Build.0 = Debug|Any CPU
		{3BCA62EE-67A6-422C-BD72-700BA17C0252}.Release|Any CPU.ActiveCfg = Release|Any CPU
		{3BCA62EE-67A6-422C-BD72-700BA17C0252}.Release|Any CPU.Build.0 = Release|Any CPU
		{AA3D9226-2139-45B5-8B43-C3B2F604FB63}.Debug|Any CPU.ActiveCfg = Debug|Any CPU
		{AA3D9226-2139-45B5-8B43-C3B2F604FB63}.Debug|Any CPU.Build.0 = Debug|Any CPU
		{AA3D9226-2139-45B5-8B43-C3B2F604FB63}.Release|Any CPU.ActiveCfg = Release|Any CPU
		{AA3D9226-2139-45B5-8B43-C3B2F604FB63}.Release|Any CPU.Build.0 = Release|Any CPU
	EndGlobalSection
	GlobalSection(SolutionProperties) = preSolution
		HideSolutionNode = FALSE
	EndGlobalSection
	GlobalSection(ExtensibilityGlobals) = postSolution
		SolutionGuid = {4A381522-AE0A-4FA6-9D68-3769D296EC78}
	EndGlobalSection
EndGlobal
